
Microsoft Visual Studio Solution File, Format Version 12.00
# Visual Studio 14
VisualStudioVersion = 14.0.22823.1
MinimumVisualStudioVersion = 10.0.40219.1
Project("{FAE04EC0-301F-11D3-BF4B-00C04F79EFBC}") = "VisibleBoundsDemo", "VisibleBoundsDemo\VisibleBoundsDemo.csproj", "{76EA5674-92ED-4330-892A-C99BF51E1E18}"
EndProject
Global
	GlobalSection(SolutionConfigurationPlatforms) = preSolution
		Debug|ARM = Debug|ARM
		Debug|x86 = Debug|x86
		Release|ARM = Release|ARM
		Release|x86 = Release|x86
	EndGlobalSection
	GlobalSection(ProjectConfigurationPlatforms) = postSolution
		{76EA5674-92ED-4330-892A-C99BF51E1E18}.Debug|ARM.ActiveCfg = Debug|ARM
		{76EA5674-92ED-4330-892A-C99BF51E1E18}.Debug|ARM.Build.0 = Debug|ARM
		{76EA5674-92ED-4330-892A-C99BF51E1E18}.Debug|ARM.Deploy.0 = Debug|ARM
		{76EA5674-92ED-4330-892A-C99BF51E1E18}.Debug|x86.ActiveCfg = Debug|x86
		{76EA5674-92ED-4330-892A-C99BF51E1E18}.Debug|x86.Build.0 = Debug|x86
		{76EA5674-92ED-4330-892A-C99BF51E1E18}.Debug|x86.Deploy.0 = Debug|x86
		{76EA5674-92ED-4330-892A-C99BF51E1E18}.Release|ARM.ActiveCfg = Release|ARM
		{76EA5674-92ED-4330-892A-C99BF51E1E18}.Release|ARM.Build.0 = Release|ARM
		{76EA5674-92ED-4330-892A-C99BF51E1E18}.Release|ARM.Deploy.0 = Release|ARM
		{76EA5674-92ED-4330-892A-C99BF51E1E18}.Release|x86.ActiveCfg = Release|x86
		{76EA5674-92ED-4330-892A-C99BF51E1E18}.Release|x86.Build.0 = Release|x86
		{76EA5674-92ED-4330-892A-C99BF51E1E18}.Release|x86.Deploy.0 = Release|x86
	EndGlobalSection
	GlobalSection(SolutionProperties) = preSolution
		HideSolutionNode = FALSE
	EndGlobalSection
EndGlobal
