
Microsoft Visual Studio Solution File, Format Version 12.00
# Visual Studio 14
VisualStudioVersion = 14.0.22823.1
MinimumVisualStudioVersion = 10.0.40219.1
Project("{FAE04EC0-301F-11D3-BF4B-00C04F79EFBC}") = "NorthwindService", "NorthwindService\NorthwindService.csproj", "{99BE95F8-B044-497E-9893-9485E0143A6B}"
EndProject
Project("{FAE04EC0-301F-11D3-BF4B-00C04F79EFBC}") = "UWPclient", "UWPclient\UWPclient.csproj", "{E38A3F10-FB0D-4841-A543-87F7B0DDE988}"
EndProject
Global
	GlobalSection(SolutionConfigurationPlatforms) = preSolution
		Debug|Any CPU = Debug|Any CPU
		Debug|ARM = Debug|ARM
		Debug|x64 = Debug|x64
		Debug|x86 = Debug|x86
		Release|Any CPU = Release|Any CPU
		Release|ARM = Release|ARM
		Release|x64 = Release|x64
		Release|x86 = Release|x86
	EndGlobalSection
	GlobalSection(ProjectConfigurationPlatforms) = postSolution
		{99BE95F8-B044-497E-9893-9485E0143A6B}.Debug|Any CPU.ActiveCfg = Debug|Any CPU
		{99BE95F8-B044-497E-9893-9485E0143A6B}.Debug|Any CPU.Build.0 = Debug|Any CPU
		{99BE95F8-B044-497E-9893-9485E0143A6B}.Debug|ARM.ActiveCfg = Debug|Any CPU
		{99BE95F8-B044-497E-9893-9485E0143A6B}.Debug|x64.ActiveCfg = Debug|Any CPU
		{99BE95F8-B044-497E-9893-9485E0143A6B}.Debug|x64.Build.0 = Debug|Any CPU
		{99BE95F8-B044-497E-9893-9485E0143A6B}.Debug|x86.ActiveCfg = Debug|Any CPU
		{99BE95F8-B044-497E-9893-9485E0143A6B}.Release|Any CPU.ActiveCfg = Release|Any CPU
		{99BE95F8-B044-497E-9893-9485E0143A6B}.Release|Any CPU.Build.0 = Release|Any CPU
		{99BE95F8-B044-497E-9893-9485E0143A6B}.Release|ARM.ActiveCfg = Release|Any CPU
		{99BE95F8-B044-497E-9893-9485E0143A6B}.Release|x64.ActiveCfg = Release|Any CPU
		{99BE95F8-B044-497E-9893-9485E0143A6B}.Release|x64.Build.0 = Release|Any CPU
		{99BE95F8-B044-497E-9893-9485E0143A6B}.Release|x86.ActiveCfg = Release|Any CPU
		{E38A3F10-FB0D-4841-A543-87F7B0DDE988}.Debug|Any CPU.ActiveCfg = Debug|x86
		{E38A3F10-FB0D-4841-A543-87F7B0DDE988}.Debug|Any CPU.Build.0 = Debug|x86
		{E38A3F10-FB0D-4841-A543-87F7B0DDE988}.Debug|ARM.ActiveCfg = Debug|ARM
		{E38A3F10-FB0D-4841-A543-87F7B0DDE988}.Debug|ARM.Build.0 = Debug|ARM
		{E38A3F10-FB0D-4841-A543-87F7B0DDE988}.Debug|ARM.Deploy.0 = Debug|ARM
		{E38A3F10-FB0D-4841-A543-87F7B0DDE988}.Debug|x64.ActiveCfg = Debug|x64
		{E38A3F10-FB0D-4841-A543-87F7B0DDE988}.Debug|x64.Build.0 = Debug|x64
		{E38A3F10-FB0D-4841-A543-87F7B0DDE988}.Debug|x64.Deploy.0 = Debug|x64
		{E38A3F10-FB0D-4841-A543-87F7B0DDE988}.Debug|x86.ActiveCfg = Debug|x86
		{E38A3F10-FB0D-4841-A543-87F7B0DDE988}.Debug|x86.Build.0 = Debug|x86
		{E38A3F10-FB0D-4841-A543-87F7B0DDE988}.Debug|x86.Deploy.0 = Debug|x86
		{E38A3F10-FB0D-4841-A543-87F7B0DDE988}.Release|Any CPU.ActiveCfg = Release|x86
		{E38A3F10-FB0D-4841-A543-87F7B0DDE988}.Release|ARM.ActiveCfg = Release|ARM
		{E38A3F10-FB0D-4841-A543-87F7B0DDE988}.Release|ARM.Build.0 = Release|ARM
		{E38A3F10-FB0D-4841-A543-87F7B0DDE988}.Release|ARM.Deploy.0 = Release|ARM
		{E38A3F10-FB0D-4841-A543-87F7B0DDE988}.Release|x64.ActiveCfg = Release|x64
		{E38A3F10-FB0D-4841-A543-87F7B0DDE988}.Release|x64.Build.0 = Release|x64
		{E38A3F10-FB0D-4841-A543-87F7B0DDE988}.Release|x64.Deploy.0 = Release|x64
		{E38A3F10-FB0D-4841-A543-87F7B0DDE988}.Release|x86.ActiveCfg = Release|x86
		{E38A3F10-FB0D-4841-A543-87F7B0DDE988}.Release|x86.Build.0 = Release|x86
		{E38A3F10-FB0D-4841-A543-87F7B0DDE988}.Release|x86.Deploy.0 = Release|x86
	EndGlobalSection
	GlobalSection(SolutionProperties) = preSolution
		HideSolutionNode = FALSE
	EndGlobalSection
EndGlobal
